
Microsoft Visual Studio Solution File, Format Version 12.00
# Visual Studio Version 17
VisualStudioVersion = 17.14.37203.1 d17.14
MinimumVisualStudioVersion = 10.0.40219.1
Project("{FAE04EC0-301F-11D3-BF4B-00C04F79EFBC}") = "My project", "Проект\My project.csproj", "{55A2DC3F-6FC1-4F71-94EE-6BCB8D086573}"
EndProject
Global
	GlobalSection(SolutionConfigurationPlatforms) = preSolution
		Debug|Any CPU = Debug|Any CPU
		Release|Any CPU = Release|Any CPU
	EndGlobalSection
	GlobalSection(ProjectConfigurationPlatforms) = postSolution
		{55A2DC3F-6FC1-4F71-94EE-6BCB8D086573}.Debug|Any CPU.ActiveCfg = Debug|Any CPU
		{55A2DC3F-6FC1-4F71-94EE-6BCB8D086573}.Debug|Any CPU.Build.0 = Debug|Any CPU
		{55A2DC3F-6FC1-4F71-94EE-6BCB8D086573}.Release|Any CPU.ActiveCfg = Release|Any CPU
		{55A2DC3F-6FC1-4F71-94EE-6BCB8D086573}.Release|Any CPU.Build.0 = Release|Any CPU
	EndGlobalSection
	GlobalSection(SolutionProperties) = preSolution
		HideSolutionNode = FALSE
	EndGlobalSection
	GlobalSection(ExtensibilityGlobals) = postSolution
		SolutionGuid = {AB3169F2-017D-4249-8085-2A8F3488CF2E}
	EndGlobalSection
EndGlobal
